
Microsoft Visual Studio Solution File, Format Version 12.00
# Visual Studio Version 17
VisualStudioVersion = 17.4.33122.133
MinimumVisualStudioVersion = 10.0.40219.1
Project("{9A19103F-16F7-4668-BE54-9A1E7A4F7556}") = "client-server", "client-server\client-server.csproj", "{6E6ABA70-E0AA-4897-AA8C-2B0CA649B452}"
EndProject
Project("{2150E333-8FDC-42A3-9474-1A3956D46DE8}") = "Solution Items", "Solution Items", "{94498BF9-43B7-4FC2-AD5F-E164DB5D0C30}"
	ProjectSection(SolutionItems) = preProject
		.editorconfig = .editorconfig
	EndProjectSection
EndProject
Global
	GlobalSection(SolutionConfigurationPlatforms) = preSolution
		Debug|Any CPU = Debug|Any CPU
		Release|Any CPU = Release|Any CPU
	EndGlobalSection
	GlobalSection(ProjectConfigurationPlatforms) = postSolution
		{6E6ABA70-E0AA-4897-AA8C-2B0CA649B452}.Debug|Any CPU.ActiveCfg = Debug|Any CPU
		{6E6ABA70-E0AA-4897-AA8C-2B0CA649B452}.Debug|Any CPU.Build.0 = Debug|Any CPU
		{6E6ABA70-E0AA-4897-AA8C-2B0CA649B452}.Release|Any CPU.ActiveCfg = Release|Any CPU
		{6E6ABA70-E0AA-4897-AA8C-2B0CA649B452}.Release|Any CPU.Build.0 = Release|Any CPU
	EndGlobalSection
	GlobalSection(SolutionProperties) = preSolution
		HideSolutionNode = FALSE
	EndGlobalSection
	GlobalSection(ExtensibilityGlobals) = postSolution
		SolutionGuid = {A90FCF90-A66F-4D91-9F73-4D747D77FB6F}
	EndGlobalSection
EndGlobal
